
Microsoft Visual Studio Solution File, Format Version 12.00
# Visual Studio Version 16
VisualStudioVersion = 16.0.30517.126
MinimumVisualStudioVersion = 10.0.40219.1
Project("{FAE04EC0-301F-11D3-BF4B-00C04F79EFBC}") = "Projekt", "Projekt\Projekt.csproj", "{22368C2F-182D-46BD-A0C6-D13D70CD6D77}"
EndProject
Global
	GlobalSection(SolutionConfigurationPlatforms) = preSolution
		Debug|Any CPU = Debug|Any CPU
		Release|Any CPU = Release|Any CPU
	EndGlobalSection
	GlobalSection(ProjectConfigurationPlatforms) = postSolution
		{22368C2F-182D-46BD-A0C6-D13D70CD6D77}.Debug|Any CPU.ActiveCfg = Debug|Any CPU
		{22368C2F-182D-46BD-A0C6-D13D70CD6D77}.Debug|Any CPU.Build.0 = Debug|Any CPU
		{22368C2F-182D-46BD-A0C6-D13D70CD6D77}.Release|Any CPU.ActiveCfg = Release|Any CPU
		{22368C2F-182D-46BD-A0C6-D13D70CD6D77}.Release|Any CPU.Build.0 = Release|Any CPU
	EndGlobalSection
	GlobalSection(SolutionProperties) = preSolution
		HideSolutionNode = FALSE
	EndGlobalSection
	GlobalSection(ExtensibilityGlobals) = postSolution
		SolutionGuid = {AC1CF63C-0338-46A7-AF0F-215FEF1158D3}
	EndGlobalSection
EndGlobal
